// !$*UTF8*$!
{
	archiveVersion = 1;
	classes = {
	};
	objectVersion = 55;
	objects = {

/* Begin PBXBuildFile section */
		3000691128ECE8B90026E1C1 /* TeacherContactsViewController.swift in Sources */ = {isa = PBXBuildFile; fileRef = 3000691028ECE8B90026E1C1 /* TeacherContactsViewController.swift */; };
		3000691328ECE8DC0026E1C1 /* TeacherContactsService.swift in Sources */ = {isa = PBXBuildFile; fileRef = 3000691228ECE8DB0026E1C1 /* TeacherContactsService.swift */; };
		3000691628ECEE4C0026E1C1 /* TeacherContactsCollectionViewCell.swift in Sources */ = {isa = PBXBuildFile; fileRef = 3000691528ECEE4C0026E1C1 /* TeacherContactsCollectionViewCell.swift */; };
		30067A9A28E33108009BC502 /* TeachersService.swift in Sources */ = {isa = PBXBuildFile; fileRef = 30067A9928E33108009BC502 /* TeachersService.swift */; };
		30067A9C28E342E9009BC502 /* TeachersViewController+Module.swift in Sources */ = {isa = PBXBuildFile; fileRef = 30067A9B28E342E9009BC502 /* TeachersViewController+Module.swift */; };
		30067A9E28E349C0009BC502 /* TeachersTableViewCell.swift in Sources */ = {isa = PBXBuildFile; fileRef = 30067A9D28E349C0009BC502 /* TeachersTableViewCell.swift */; };
		30851F9C28ED8EF400F04E5E /* TeacherContactsViewController+Module.swift in Sources */ = {isa = PBXBuildFile; fileRef = 30851F9B28ED8EF400F04E5E /* TeacherContactsViewController+Module.swift */; };
		30851F9E28EDAEC700F04E5E /* TeacherSubjectsService.swift in Sources */ = {isa = PBXBuildFile; fileRef = 30851F9D28EDAEC700F04E5E /* TeacherSubjectsService.swift */; };
		30851FA028EDB08600F04E5E /* TeacherSubjectsViewController.swift in Sources */ = {isa = PBXBuildFile; fileRef = 30851F9F28EDB08600F04E5E /* TeacherSubjectsViewController.swift */; };
		30851FA328EDB09F00F04E5E /* TeacherSubjectsViewController+Module.swift in Sources */ = {isa = PBXBuildFile; fileRef = 30851FA228EDB09F00F04E5E /* TeacherSubjectsViewController+Module.swift */; };
		30851FA528EE1E6300F04E5E /* NoResultsView.swift in Sources */ = {isa = PBXBuildFile; fileRef = 30851FA428EE1E6300F04E5E /* NoResultsView.swift */; };
		30DAB87928EB1431009B99F4 /* RewiewsViewController.swift in Sources */ = {isa = PBXBuildFile; fileRef = 30DAB87828EB1431009B99F4 /* RewiewsViewController.swift */; };
		30DAB87B28EB20DF009B99F4 /* RewiewsService.swift in Sources */ = {isa = PBXBuildFile; fileRef = 30DAB87A28EB20DF009B99F4 /* RewiewsService.swift */; };
		30DAB87E28EB25A2009B99F4 /* RewiewsViewController+Module.swift in Sources */ = {isa = PBXBuildFile; fileRef = 30DAB87D28EB25A2009B99F4 /* RewiewsViewController+Module.swift */; };
		30DAB88028EB2CE9009B99F4 /* ReviewsTableViewCell.swift in Sources */ = {isa = PBXBuildFile; fileRef = 30DAB87F28EB2CE9009B99F4 /* ReviewsTableViewCell.swift */; };
		30E05B8D28E719C7006B3C04 /* SelectedTeacherService.swift in Sources */ = {isa = PBXBuildFile; fileRef = 30E05B8A28E719C6006B3C04 /* SelectedTeacherService.swift */; };
		30E05B8E28E719C7006B3C04 /* SelectedTeacherViewController.swift in Sources */ = {isa = PBXBuildFile; fileRef = 30E05B8B28E719C6006B3C04 /* SelectedTeacherViewController.swift */; };
		30E05B8F28E719C7006B3C04 /* SelectedTeacherViewController+Module.swift in Sources */ = {isa = PBXBuildFile; fileRef = 30E05B8C28E719C6006B3C04 /* SelectedTeacherViewController+Module.swift */; };
		3E25632028EE195E0049ACDE /* CourseViewControllerHeader.swift in Sources */ = {isa = PBXBuildFile; fileRef = 3E25631F28EE195E0049ACDE /* CourseViewControllerHeader.swift */; };
		3E25632728EE20E20049ACDE /* RatingView.swift in Sources */ = {isa = PBXBuildFile; fileRef = 3E25632628EE20E20049ACDE /* RatingView.swift */; };
		3E25632928EE25880049ACDE /* CourseReviewTableViewCell.swift in Sources */ = {isa = PBXBuildFile; fileRef = 3E25632828EE25880049ACDE /* CourseReviewTableViewCell.swift */; };
		3E488EA928E705CC00C05803 /* CoreViewController.swift in Sources */ = {isa = PBXBuildFile; fileRef = 3E488EA828E705CC00C05803 /* CoreViewController.swift */; };
		3E488EAB28E705D800C05803 /* SearchCoreViewController.swift in Sources */ = {isa = PBXBuildFile; fileRef = 3E488EAA28E705D800C05803 /* SearchCoreViewController.swift */; };
		3E97034F28EEFDFF00989671 /* StateButton.swift in Sources */ = {isa = PBXBuildFile; fileRef = 3E97034E28EEFDFF00989671 /* StateButton.swift */; };
		3E97035128EF9BAC00989671 /* TelegramAuth.html in Resources */ = {isa = PBXBuildFile; fileRef = 3E97035028EF9BAC00989671 /* TelegramAuth.html */; };
		3EAF683028E2F8E1000BFD72 /* AppDelegate.swift in Sources */ = {isa = PBXBuildFile; fileRef = 3EAF682F28E2F8E1000BFD72 /* AppDelegate.swift */; };
		3EAF683928E2F8E3000BFD72 /* Assets.xcassets in Resources */ = {isa = PBXBuildFile; fileRef = 3EAF683828E2F8E3000BFD72 /* Assets.xcassets */; };
		3EAF683C28E2F8E3000BFD72 /* LaunchScreen.storyboard in Resources */ = {isa = PBXBuildFile; fileRef = 3EAF683A28E2F8E3000BFD72 /* LaunchScreen.storyboard */; };
		3EAF684828E302EA000BFD72 /* API.swift in Sources */ = {isa = PBXBuildFile; fileRef = 3EAF684728E302EA000BFD72 /* API.swift */; };
		3EAF685028E303BA000BFD72 /* TabBarViewController.swift in Sources */ = {isa = PBXBuildFile; fileRef = 3EAF684F28E303B9000BFD72 /* TabBarViewController.swift */; };
		3EAF685228E304D8000BFD72 /* TeachersViewController.swift in Sources */ = {isa = PBXBuildFile; fileRef = 3EAF685128E304D8000BFD72 /* TeachersViewController.swift */; };
		3EAF685428E304DF000BFD72 /* SubjectsViewController.swift in Sources */ = {isa = PBXBuildFile; fileRef = 3EAF685328E304DF000BFD72 /* SubjectsViewController.swift */; };
		3EAF685728E3057A000BFD72 /* SnapKit in Frameworks */ = {isa = PBXBuildFile; productRef = 3EAF685628E3057A000BFD72 /* SnapKit */; };
		3EAF685A28E30589000BFD72 /* Alamofire in Frameworks */ = {isa = PBXBuildFile; productRef = 3EAF685928E30589000BFD72 /* Alamofire */; };
		3EAF685C28E316E5000BFD72 /* SubjectsService.swift in Sources */ = {isa = PBXBuildFile; fileRef = 3EAF685B28E316E5000BFD72 /* SubjectsService.swift */; };
		3EAF685E28E318EE000BFD72 /* SubjectsViewController+Module.swift in Sources */ = {isa = PBXBuildFile; fileRef = 3EAF685D28E318EE000BFD72 /* SubjectsViewController+Module.swift */; };
		3ED4AEF128ECCD80009A1E80 /* OneSubjectViewController.swift in Sources */ = {isa = PBXBuildFile; fileRef = 3ED4AEF028ECCD80009A1E80 /* OneSubjectViewController.swift */; };
		3ED4AEF428ED8A33009A1E80 /* StateTableView.swift in Sources */ = {isa = PBXBuildFile; fileRef = 3ED4AEF328ED8A33009A1E80 /* StateTableView.swift */; };
		3ED4AEFA28ED9817009A1E80 /* SubjectSerivce+Model.swift in Sources */ = {isa = PBXBuildFile; fileRef = 3ED4AEF928ED9817009A1E80 /* SubjectSerivce+Model.swift */; };
		3ED4AEFC28EDB3C7009A1E80 /* SubtitleTableViewCell.swift in Sources */ = {isa = PBXBuildFile; fileRef = 3ED4AEFB28EDB3C7009A1E80 /* SubtitleTableViewCell.swift */; };
		3ED4AEFF28EDF896009A1E80 /* CourseViewController.swift in Sources */ = {isa = PBXBuildFile; fileRef = 3ED4AEFE28EDF896009A1E80 /* CourseViewController.swift */; };
/* End PBXBuildFile section */

/* Begin PBXFileReference section */
		3000691028ECE8B90026E1C1 /* TeacherContactsViewController.swift */ = {isa = PBXFileReference; lastKnownFileType = sourcecode.swift; path = TeacherContactsViewController.swift; sourceTree = "<group>"; };
		3000691228ECE8DB0026E1C1 /* TeacherContactsService.swift */ = {isa = PBXFileReference; lastKnownFileType = sourcecode.swift; path = TeacherContactsService.swift; sourceTree = "<group>"; };
		3000691528ECEE4C0026E1C1 /* TeacherContactsCollectionViewCell.swift */ = {isa = PBXFileReference; lastKnownFileType = sourcecode.swift; path = TeacherContactsCollectionViewCell.swift; sourceTree = "<group>"; };
		30067A9928E33108009BC502 /* TeachersService.swift */ = {isa = PBXFileReference; lastKnownFileType = sourcecode.swift; path = TeachersService.swift; sourceTree = "<group>"; };
		30067A9B28E342E9009BC502 /* TeachersViewController+Module.swift */ = {isa = PBXFileReference; lastKnownFileType = sourcecode.swift; path = "TeachersViewController+Module.swift"; sourceTree = "<group>"; };
		30067A9D28E349C0009BC502 /* TeachersTableViewCell.swift */ = {isa = PBXFileReference; lastKnownFileType = sourcecode.swift; path = TeachersTableViewCell.swift; sourceTree = "<group>"; };
		30851F9B28ED8EF400F04E5E /* TeacherContactsViewController+Module.swift */ = {isa = PBXFileReference; lastKnownFileType = sourcecode.swift; path = "TeacherContactsViewController+Module.swift"; sourceTree = "<group>"; };
		30851F9D28EDAEC700F04E5E /* TeacherSubjectsService.swift */ = {isa = PBXFileReference; lastKnownFileType = sourcecode.swift; path = TeacherSubjectsService.swift; sourceTree = "<group>"; };
		30851F9F28EDB08600F04E5E /* TeacherSubjectsViewController.swift */ = {isa = PBXFileReference; lastKnownFileType = sourcecode.swift; path = TeacherSubjectsViewController.swift; sourceTree = "<group>"; };
		30851FA228EDB09F00F04E5E /* TeacherSubjectsViewController+Module.swift */ = {isa = PBXFileReference; lastKnownFileType = sourcecode.swift; path = "TeacherSubjectsViewController+Module.swift"; sourceTree = "<group>"; };
		30851FA428EE1E6300F04E5E /* NoResultsView.swift */ = {isa = PBXFileReference; lastKnownFileType = sourcecode.swift; path = NoResultsView.swift; sourceTree = "<group>"; };
		30DAB87828EB1431009B99F4 /* RewiewsViewController.swift */ = {isa = PBXFileReference; lastKnownFileType = sourcecode.swift; path = RewiewsViewController.swift; sourceTree = "<group>"; };
		30DAB87A28EB20DF009B99F4 /* RewiewsService.swift */ = {isa = PBXFileReference; lastKnownFileType = sourcecode.swift; path = RewiewsService.swift; sourceTree = "<group>"; };
		30DAB87D28EB25A2009B99F4 /* RewiewsViewController+Module.swift */ = {isa = PBXFileReference; lastKnownFileType = sourcecode.swift; path = "RewiewsViewController+Module.swift"; sourceTree = "<group>"; };
		30DAB87F28EB2CE9009B99F4 /* ReviewsTableViewCell.swift */ = {isa = PBXFileReference; lastKnownFileType = sourcecode.swift; path = ReviewsTableViewCell.swift; sourceTree = "<group>"; };
		30E05B8A28E719C6006B3C04 /* SelectedTeacherService.swift */ = {isa = PBXFileReference; fileEncoding = 4; lastKnownFileType = sourcecode.swift; path = SelectedTeacherService.swift; sourceTree = "<group>"; };
		30E05B8B28E719C6006B3C04 /* SelectedTeacherViewController.swift */ = {isa = PBXFileReference; fileEncoding = 4; lastKnownFileType = sourcecode.swift; path = SelectedTeacherViewController.swift; sourceTree = "<group>"; };
		30E05B8C28E719C6006B3C04 /* SelectedTeacherViewController+Module.swift */ = {isa = PBXFileReference; fileEncoding = 4; lastKnownFileType = sourcecode.swift; path = "SelectedTeacherViewController+Module.swift"; sourceTree = "<group>"; };
		3E25631F28EE195E0049ACDE /* CourseViewControllerHeader.swift */ = {isa = PBXFileReference; lastKnownFileType = sourcecode.swift; path = CourseViewControllerHeader.swift; sourceTree = "<group>"; };
		3E25632628EE20E20049ACDE /* RatingView.swift */ = {isa = PBXFileReference; lastKnownFileType = sourcecode.swift; path = RatingView.swift; sourceTree = "<group>"; };
		3E25632828EE25880049ACDE /* CourseReviewTableViewCell.swift */ = {isa = PBXFileReference; lastKnownFileType = sourcecode.swift; path = CourseReviewTableViewCell.swift; sourceTree = "<group>"; };
		3E488EA828E705CC00C05803 /* CoreViewController.swift */ = {isa = PBXFileReference; lastKnownFileType = sourcecode.swift; path = CoreViewController.swift; sourceTree = "<group>"; };
		3E488EAA28E705D800C05803 /* SearchCoreViewController.swift */ = {isa = PBXFileReference; lastKnownFileType = sourcecode.swift; path = SearchCoreViewController.swift; sourceTree = "<group>"; };
		3E97034E28EEFDFF00989671 /* StateButton.swift */ = {isa = PBXFileReference; lastKnownFileType = sourcecode.swift; path = StateButton.swift; sourceTree = "<group>"; };
		3E97035028EF9BAC00989671 /* TelegramAuth.html */ = {isa = PBXFileReference; fileEncoding = 4; lastKnownFileType = text.html; path = TelegramAuth.html; sourceTree = "<group>"; };
		3EAF682C28E2F8E1000BFD72 /* fictadvisor-iOS.app */ = {isa = PBXFileReference; explicitFileType = wrapper.application; includeInIndex = 0; path = "fictadvisor-iOS.app"; sourceTree = BUILT_PRODUCTS_DIR; };
		3EAF682F28E2F8E1000BFD72 /* AppDelegate.swift */ = {isa = PBXFileReference; lastKnownFileType = sourcecode.swift; path = AppDelegate.swift; sourceTree = "<group>"; };
		3EAF683828E2F8E3000BFD72 /* Assets.xcassets */ = {isa = PBXFileReference; lastKnownFileType = folder.assetcatalog; path = Assets.xcassets; sourceTree = "<group>"; };
		3EAF683B28E2F8E3000BFD72 /* Base */ = {isa = PBXFileReference; lastKnownFileType = file.storyboard; name = Base; path = Base.lproj/LaunchScreen.storyboard; sourceTree = "<group>"; };
		3EAF683D28E2F8E3000BFD72 /* Info.plist */ = {isa = PBXFileReference; lastKnownFileType = text.plist.xml; path = Info.plist; sourceTree = "<group>"; };
		3EAF684728E302EA000BFD72 /* API.swift */ = {isa = PBXFileReference; lastKnownFileType = sourcecode.swift; path = API.swift; sourceTree = "<group>"; };
		3EAF684F28E303B9000BFD72 /* TabBarViewController.swift */ = {isa = PBXFileReference; lastKnownFileType = sourcecode.swift; path = TabBarViewController.swift; sourceTree = "<group>"; };
		3EAF685128E304D8000BFD72 /* TeachersViewController.swift */ = {isa = PBXFileReference; lastKnownFileType = sourcecode.swift; path = TeachersViewController.swift; sourceTree = "<group>"; };
		3EAF685328E304DF000BFD72 /* SubjectsViewController.swift */ = {isa = PBXFileReference; lastKnownFileType = sourcecode.swift; path = SubjectsViewController.swift; sourceTree = "<group>"; };
		3EAF685B28E316E5000BFD72 /* SubjectsService.swift */ = {isa = PBXFileReference; lastKnownFileType = sourcecode.swift; path = SubjectsService.swift; sourceTree = "<group>"; };
		3EAF685D28E318EE000BFD72 /* SubjectsViewController+Module.swift */ = {isa = PBXFileReference; lastKnownFileType = sourcecode.swift; path = "SubjectsViewController+Module.swift"; sourceTree = "<group>"; };
		3ED4AEF028ECCD80009A1E80 /* OneSubjectViewController.swift */ = {isa = PBXFileReference; lastKnownFileType = sourcecode.swift; path = OneSubjectViewController.swift; sourceTree = "<group>"; };
		3ED4AEF328ED8A33009A1E80 /* StateTableView.swift */ = {isa = PBXFileReference; lastKnownFileType = sourcecode.swift; path = StateTableView.swift; sourceTree = "<group>"; };
		3ED4AEF928ED9817009A1E80 /* SubjectSerivce+Model.swift */ = {isa = PBXFileReference; lastKnownFileType = sourcecode.swift; path = "SubjectSerivce+Model.swift"; sourceTree = "<group>"; };
		3ED4AEFB28EDB3C7009A1E80 /* SubtitleTableViewCell.swift */ = {isa = PBXFileReference; lastKnownFileType = sourcecode.swift; path = SubtitleTableViewCell.swift; sourceTree = "<group>"; };
		3ED4AEFE28EDF896009A1E80 /* CourseViewController.swift */ = {isa = PBXFileReference; lastKnownFileType = sourcecode.swift; path = CourseViewController.swift; sourceTree = "<group>"; };
/* End PBXFileReference section */

/* Begin PBXFrameworksBuildPhase section */
		3EAF682928E2F8E1000BFD72 /* Frameworks */ = {
			isa = PBXFrameworksBuildPhase;
			buildActionMask = 2147483647;
			files = (
				3EAF685728E3057A000BFD72 /* SnapKit in Frameworks */,
				3EAF685A28E30589000BFD72 /* Alamofire in Frameworks */,
			);
			runOnlyForDeploymentPostprocessing = 0;
		};
/* End PBXFrameworksBuildPhase section */

/* Begin PBXGroup section */
		3000691428ECE8E60026E1C1 /* Contacts */ = {
			isa = PBXGroup;
			children = (
				3000691028ECE8B90026E1C1 /* TeacherContactsViewController.swift */,
				3000691228ECE8DB0026E1C1 /* TeacherContactsService.swift */,
				3000691528ECEE4C0026E1C1 /* TeacherContactsCollectionViewCell.swift */,
				30851F9B28ED8EF400F04E5E /* TeacherContactsViewController+Module.swift */,
			);
			path = Contacts;
			sourceTree = "<group>";
		};
		30851FA128EDB08E00F04E5E /* Subjects */ = {
			isa = PBXGroup;
			children = (
				30851F9D28EDAEC700F04E5E /* TeacherSubjectsService.swift */,
				30851F9F28EDB08600F04E5E /* TeacherSubjectsViewController.swift */,
				30851FA228EDB09F00F04E5E /* TeacherSubjectsViewController+Module.swift */,
			);
			path = Subjects;
			sourceTree = "<group>";
		};
		30DAB87C28EB20E9009B99F4 /* Rewiews */ = {
			isa = PBXGroup;
			children = (
				30DAB87828EB1431009B99F4 /* RewiewsViewController.swift */,
				30DAB87A28EB20DF009B99F4 /* RewiewsService.swift */,
				30DAB87D28EB25A2009B99F4 /* RewiewsViewController+Module.swift */,
				30DAB87F28EB2CE9009B99F4 /* ReviewsTableViewCell.swift */,
			);
			path = Rewiews;
			sourceTree = "<group>";
		};
		30E05B9028EA1F02006B3C04 /* SelectedTeachers */ = {
			isa = PBXGroup;
			children = (
				30E05B8A28E719C6006B3C04 /* SelectedTeacherService.swift */,
				30E05B8B28E719C6006B3C04 /* SelectedTeacherViewController.swift */,
				30E05B8C28E719C6006B3C04 /* SelectedTeacherViewController+Module.swift */,
				30DAB87C28EB20E9009B99F4 /* Rewiews */,
				3000691428ECE8E60026E1C1 /* Contacts */,
				30851FA128EDB08E00F04E5E /* Subjects */,
			);
			path = SelectedTeachers;
			sourceTree = "<group>";
		};
		3E25632128EE19E80049ACDE /* Extension  */ = {
			isa = PBXGroup;
			children = (
			);
			path = "Extension ";
			sourceTree = "<group>";
		};
		3E488EA728E705B900C05803 /* Core */ = {
			isa = PBXGroup;
			children = (
				3E25632128EE19E80049ACDE /* Extension  */,
				3E488EA828E705CC00C05803 /* CoreViewController.swift */,
				3E488EAA28E705D800C05803 /* SearchCoreViewController.swift */,
				3ED4AEF328ED8A33009A1E80 /* StateTableView.swift */,
				3ED4AEFB28EDB3C7009A1E80 /* SubtitleTableViewCell.swift */,
				3E25632628EE20E20049ACDE /* RatingView.swift */,
				30851FA428EE1E6300F04E5E /* NoResultsView.swift */,
				3E97034E28EEFDFF00989671 /* StateButton.swift */,
			);
			path = Core;
			sourceTree = "<group>";
		};
		3EAF682328E2F8E1000BFD72 = {
			isa = PBXGroup;
			children = (
				3EAF682E28E2F8E1000BFD72 /* fictadvisor-iOS */,
				3EAF682D28E2F8E1000BFD72 /* Products */,
			);
			sourceTree = "<group>";
		};
		3EAF682D28E2F8E1000BFD72 /* Products */ = {
			isa = PBXGroup;
			children = (
				3EAF682C28E2F8E1000BFD72 /* fictadvisor-iOS.app */,
			);
			name = Products;
			sourceTree = "<group>";
		};
		3EAF682E28E2F8E1000BFD72 /* fictadvisor-iOS */ = {
			isa = PBXGroup;
			children = (
				3E488EA728E705B900C05803 /* Core */,
				3EAF684628E302E0000BFD72 /* Networking */,
				3EAF684328E300EF000BFD72 /* Modules */,
				3EAF682F28E2F8E1000BFD72 /* AppDelegate.swift */,
				3EAF683828E2F8E3000BFD72 /* Assets.xcassets */,
				3EAF683A28E2F8E3000BFD72 /* LaunchScreen.storyboard */,
				3EAF683D28E2F8E3000BFD72 /* Info.plist */,
			);
			path = "fictadvisor-iOS";
			sourceTree = "<group>";
		};
		3EAF684328E300EF000BFD72 /* Modules */ = {
			isa = PBXGroup;
			children = (
				3EAF684A28E30369000BFD72 /* Tab */,
				3EAF684528E300FB000BFD72 /* Teachers */,
				3EAF684428E300F6000BFD72 /* Subjects */,
			);
			path = Modules;
			sourceTree = "<group>";
		};
		3EAF684428E300F6000BFD72 /* Subjects */ = {
			isa = PBXGroup;
			children = (
				3ED4AEFD28EDF859009A1E80 /* Course */,
				3ED4AEEF28ECCD69009A1E80 /* OneSubject */,
				3EAF685328E304DF000BFD72 /* SubjectsViewController.swift */,
				3EAF685D28E318EE000BFD72 /* SubjectsViewController+Module.swift */,
				3E97035028EF9BAC00989671 /* TelegramAuth.html */,
			);
			path = Subjects;
			sourceTree = "<group>";
		};
		3EAF684528E300FB000BFD72 /* Teachers */ = {
			isa = PBXGroup;
			children = (
				3EAF685128E304D8000BFD72 /* TeachersViewController.swift */,
				30067A9928E33108009BC502 /* TeachersService.swift */,
				30067A9B28E342E9009BC502 /* TeachersViewController+Module.swift */,
				30067A9D28E349C0009BC502 /* TeachersTableViewCell.swift */,
				30E05B9028EA1F02006B3C04 /* SelectedTeachers */,
			);
			path = Teachers;
			sourceTree = "<group>";
		};
		3EAF684628E302E0000BFD72 /* Networking */ = {
			isa = PBXGroup;
			children = (
				3ED4AEF728ED9790009A1E80 /* Services */,
				3EAF684728E302EA000BFD72 /* API.swift */,
			);
			path = Networking;
			sourceTree = "<group>";
		};
		3EAF684A28E30369000BFD72 /* Tab */ = {
			isa = PBXGroup;
			children = (
				3EAF684F28E303B9000BFD72 /* TabBarViewController.swift */,
			);
			path = Tab;
			sourceTree = "<group>";
		};
		3ED4AEEF28ECCD69009A1E80 /* OneSubject */ = {
			isa = PBXGroup;
			children = (
				3ED4AEF028ECCD80009A1E80 /* OneSubjectViewController.swift */,
			);
			path = OneSubject;
			sourceTree = "<group>";
		};
		3ED4AEF728ED9790009A1E80 /* Services */ = {
			isa = PBXGroup;
			children = (
				3ED4AEF828ED979B009A1E80 /* Subject */,
			);
			path = Services;
			sourceTree = "<group>";
		};
		3ED4AEF828ED979B009A1E80 /* Subject */ = {
			isa = PBXGroup;
			children = (
				3EAF685B28E316E5000BFD72 /* SubjectsService.swift */,
				3ED4AEF928ED9817009A1E80 /* SubjectSerivce+Model.swift */,
			);
			path = Subject;
			sourceTree = "<group>";
		};
		3ED4AEFD28EDF859009A1E80 /* Course */ = {
			isa = PBXGroup;
			children = (
				3ED4AEFE28EDF896009A1E80 /* CourseViewController.swift */,
				3E25631F28EE195E0049ACDE /* CourseViewControllerHeader.swift */,
				3E25632828EE25880049ACDE /* CourseReviewTableViewCell.swift */,
			);
			path = Course;
			sourceTree = "<group>";
		};
/* End PBXGroup section */

/* Begin PBXNativeTarget section */
		3EAF682B28E2F8E1000BFD72 /* fictadvisor-iOS */ = {
			isa = PBXNativeTarget;
			buildConfigurationList = 3EAF684028E2F8E3000BFD72 /* Build configuration list for PBXNativeTarget "fictadvisor-iOS" */;
			buildPhases = (
				3EAF682828E2F8E1000BFD72 /* Sources */,
				3EAF682928E2F8E1000BFD72 /* Frameworks */,
				3EAF682A28E2F8E1000BFD72 /* Resources */,
			);
			buildRules = (
			);
			dependencies = (
			);
			name = "fictadvisor-iOS";
			packageProductDependencies = (
				3EAF685628E3057A000BFD72 /* SnapKit */,
				3EAF685928E30589000BFD72 /* Alamofire */,
			);
			productName = "fictadvisor-iOS";
			productReference = 3EAF682C28E2F8E1000BFD72 /* fictadvisor-iOS.app */;
			productType = "com.apple.product-type.application";
		};
/* End PBXNativeTarget section */

/* Begin PBXProject section */
		3EAF682428E2F8E1000BFD72 /* Project object */ = {
			isa = PBXProject;
			attributes = {
				BuildIndependentTargetsInParallel = 1;
				LastSwiftUpdateCheck = 1320;
				LastUpgradeCheck = 1320;
				TargetAttributes = {
					3EAF682B28E2F8E1000BFD72 = {
						CreatedOnToolsVersion = 13.2.1;
					};
				};
			};
			buildConfigurationList = 3EAF682728E2F8E1000BFD72 /* Build configuration list for PBXProject "fictadvisor-iOS" */;
			compatibilityVersion = "Xcode 13.0";
			developmentRegion = en;
			hasScannedForEncodings = 0;
			knownRegions = (
				en,
				Base,
			);
			mainGroup = 3EAF682328E2F8E1000BFD72;
			packageReferences = (
				3EAF685528E3057A000BFD72 /* XCRemoteSwiftPackageReference "SnapKit" */,
				3EAF685828E30589000BFD72 /* XCRemoteSwiftPackageReference "Alamofire" */,
			);
			productRefGroup = 3EAF682D28E2F8E1000BFD72 /* Products */;
			projectDirPath = "";
			projectRoot = "";
			targets = (
				3EAF682B28E2F8E1000BFD72 /* fictadvisor-iOS */,
			);
		};
/* End PBXProject section */

/* Begin PBXResourcesBuildPhase section */
		3EAF682A28E2F8E1000BFD72 /* Resources */ = {
			isa = PBXResourcesBuildPhase;
			buildActionMask = 2147483647;
			files = (
				3E97035128EF9BAC00989671 /* TelegramAuth.html in Resources */,
				3EAF683C28E2F8E3000BFD72 /* LaunchScreen.storyboard in Resources */,
				3EAF683928E2F8E3000BFD72 /* Assets.xcassets in Resources */,
			);
			runOnlyForDeploymentPostprocessing = 0;
		};
/* End PBXResourcesBuildPhase section */

/* Begin PBXSourcesBuildPhase section */
		3EAF682828E2F8E1000BFD72 /* Sources */ = {
			isa = PBXSourcesBuildPhase;
			buildActionMask = 2147483647;
			files = (
				30067A9E28E349C0009BC502 /* TeachersTableViewCell.swift in Sources */,
				30067A9A28E33108009BC502 /* TeachersService.swift in Sources */,
				3EAF685C28E316E5000BFD72 /* SubjectsService.swift in Sources */,
				30851FA528EE1E6300F04E5E /* NoResultsView.swift in Sources */,
				3EAF684828E302EA000BFD72 /* API.swift in Sources */,
				3ED4AEF128ECCD80009A1E80 /* OneSubjectViewController.swift in Sources */,
				3E25632928EE25880049ACDE /* CourseReviewTableViewCell.swift in Sources */,
				3EAF685428E304DF000BFD72 /* SubjectsViewController.swift in Sources */,
				30851F9C28ED8EF400F04E5E /* TeacherContactsViewController+Module.swift in Sources */,
				30DAB87E28EB25A2009B99F4 /* RewiewsViewController+Module.swift in Sources */,
				30851FA328EDB09F00F04E5E /* TeacherSubjectsViewController+Module.swift in Sources */,
				30851F9E28EDAEC700F04E5E /* TeacherSubjectsService.swift in Sources */,
				3E488EA928E705CC00C05803 /* CoreViewController.swift in Sources */,
				3E97034F28EEFDFF00989671 /* StateButton.swift in Sources */,
				30DAB88028EB2CE9009B99F4 /* ReviewsTableViewCell.swift in Sources */,
				30E05B8D28E719C7006B3C04 /* SelectedTeacherService.swift in Sources */,
				3EAF685228E304D8000BFD72 /* TeachersViewController.swift in Sources */,
				3EAF685E28E318EE000BFD72 /* SubjectsViewController+Module.swift in Sources */,
				3EAF685028E303BA000BFD72 /* TabBarViewController.swift in Sources */,
				3E25632028EE195E0049ACDE /* CourseViewControllerHeader.swift in Sources */,
				3E488EAB28E705D800C05803 /* SearchCoreViewController.swift in Sources */,
				3ED4AEFC28EDB3C7009A1E80 /* SubtitleTableViewCell.swift in Sources */,
				3E25632728EE20E20049ACDE /* RatingView.swift in Sources */,
				3EAF683028E2F8E1000BFD72 /* AppDelegate.swift in Sources */,
				3ED4AEFA28ED9817009A1E80 /* SubjectSerivce+Model.swift in Sources */,
				3ED4AEF428ED8A33009A1E80 /* StateTableView.swift in Sources */,
				3ED4AEFF28EDF896009A1E80 /* CourseViewController.swift in Sources */,
				30E05B8F28E719C7006B3C04 /* SelectedTeacherViewController+Module.swift in Sources */,
				30851FA028EDB08600F04E5E /* TeacherSubjectsViewController.swift in Sources */,
				3000691128ECE8B90026E1C1 /* TeacherContactsViewController.swift in Sources */,
				30DAB87B28EB20DF009B99F4 /* RewiewsService.swift in Sources */,
				30DAB87928EB1431009B99F4 /* RewiewsViewController.swift in Sources */,
				3000691628ECEE4C0026E1C1 /* TeacherContactsCollectionViewCell.swift in Sources */,
				30E05B8E28E719C7006B3C04 /* SelectedTeacherViewController.swift in Sources */,
				3000691328ECE8DC0026E1C1 /* TeacherContactsService.swift in Sources */,
				30067A9C28E342E9009BC502 /* TeachersViewController+Module.swift in Sources */,
			);
			runOnlyForDeploymentPostprocessing = 0;
		};
/* End PBXSourcesBuildPhase section */

/* Begin PBXVariantGroup section */
		3EAF683A28E2F8E3000BFD72 /* LaunchScreen.storyboard */ = {
			isa = PBXVariantGroup;
			children = (
				3EAF683B28E2F8E3000BFD72 /* Base */,
			);
			name = LaunchScreen.storyboard;
			sourceTree = "<group>";
		};
/* End PBXVariantGroup section */

/* Begin XCBuildConfiguration section */
		3EAF683E28E2F8E3000BFD72 /* Debug */ = {
			isa = XCBuildConfiguration;
			buildSettings = {
				ALWAYS_SEARCH_USER_PATHS = NO;
				CLANG_ANALYZER_NONNULL = YES;
				CLANG_ANALYZER_NUMBER_OBJECT_CONVERSION = YES_AGGRESSIVE;
				CLANG_CXX_LANGUAGE_STANDARD = "gnu++17";
				CLANG_CXX_LIBRARY = "libc++";
				CLANG_ENABLE_MODULES = YES;
				CLANG_ENABLE_OBJC_ARC = YES;
				CLANG_ENABLE_OBJC_WEAK = YES;
				CLANG_WARN_BLOCK_CAPTURE_AUTORELEASING = YES;
				CLANG_WARN_BOOL_CONVERSION = YES;
				CLANG_WARN_COMMA = YES;
				CLANG_WARN_CONSTANT_CONVERSION = YES;
				CLANG_WARN_DEPRECATED_OBJC_IMPLEMENTATIONS = YES;
				CLANG_WARN_DIRECT_OBJC_ISA_USAGE = YES_ERROR;
				CLANG_WARN_DOCUMENTATION_COMMENTS = YES;
				CLANG_WARN_EMPTY_BODY = YES;
				CLANG_WARN_ENUM_CONVERSION = YES;
				CLANG_WARN_INFINITE_RECURSION = YES;
				CLANG_WARN_INT_CONVERSION = YES;
				CLANG_WARN_NON_LITERAL_NULL_CONVERSION = YES;
				CLANG_WARN_OBJC_IMPLICIT_RETAIN_SELF = YES;
				CLANG_WARN_OBJC_LITERAL_CONVERSION = YES;
				CLANG_WARN_OBJC_ROOT_CLASS = YES_ERROR;
				CLANG_WARN_QUOTED_INCLUDE_IN_FRAMEWORK_HEADER = YES;
				CLANG_WARN_RANGE_LOOP_ANALYSIS = YES;
				CLANG_WARN_STRICT_PROTOTYPES = YES;
				CLANG_WARN_SUSPICIOUS_MOVE = YES;
				CLANG_WARN_UNGUARDED_AVAILABILITY = YES_AGGRESSIVE;
				CLANG_WARN_UNREACHABLE_CODE = YES;
				CLANG_WARN__DUPLICATE_METHOD_MATCH = YES;
				COPY_PHASE_STRIP = NO;
				DEBUG_INFORMATION_FORMAT = dwarf;
				ENABLE_STRICT_OBJC_MSGSEND = YES;
				ENABLE_TESTABILITY = YES;
				GCC_C_LANGUAGE_STANDARD = gnu11;
				GCC_DYNAMIC_NO_PIC = NO;
				GCC_NO_COMMON_BLOCKS = YES;
				GCC_OPTIMIZATION_LEVEL = 0;
				GCC_PREPROCESSOR_DEFINITIONS = (
					"DEBUG=1",
					"$(inherited)",
				);
				GCC_WARN_64_TO_32_BIT_CONVERSION = YES;
				GCC_WARN_ABOUT_RETURN_TYPE = YES_ERROR;
				GCC_WARN_UNDECLARED_SELECTOR = YES;
				GCC_WARN_UNINITIALIZED_AUTOS = YES_AGGRESSIVE;
				GCC_WARN_UNUSED_FUNCTION = YES;
				GCC_WARN_UNUSED_VARIABLE = YES;
				IPHONEOS_DEPLOYMENT_TARGET = 15.2;
				MTL_ENABLE_DEBUG_INFO = INCLUDE_SOURCE;
				MTL_FAST_MATH = YES;
				ONLY_ACTIVE_ARCH = YES;
				SDKROOT = iphoneos;
				SWIFT_ACTIVE_COMPILATION_CONDITIONS = DEBUG;
				SWIFT_OPTIMIZATION_LEVEL = "-Onone";
			};
			name = Debug;
		};
		3EAF683F28E2F8E3000BFD72 /* Release */ = {
			isa = XCBuildConfiguration;
			buildSettings = {
				ALWAYS_SEARCH_USER_PATHS = NO;
				CLANG_ANALYZER_NONNULL = YES;
				CLANG_ANALYZER_NUMBER_OBJECT_CONVERSION = YES_AGGRESSIVE;
				CLANG_CXX_LANGUAGE_STANDARD = "gnu++17";
				CLANG_CXX_LIBRARY = "libc++";
				CLANG_ENABLE_MODULES = YES;
				CLANG_ENABLE_OBJC_ARC = YES;
				CLANG_ENABLE_OBJC_WEAK = YES;
				CLANG_WARN_BLOCK_CAPTURE_AUTORELEASING = YES;
				CLANG_WARN_BOOL_CONVERSION = YES;
				CLANG_WARN_COMMA = YES;
				CLANG_WARN_CONSTANT_CONVERSION = YES;
				CLANG_WARN_DEPRECATED_OBJC_IMPLEMENTATIONS = YES;
				CLANG_WARN_DIRECT_OBJC_ISA_USAGE = YES_ERROR;
				CLANG_WARN_DOCUMENTATION_COMMENTS = YES;
				CLANG_WARN_EMPTY_BODY = YES;
				CLANG_WARN_ENUM_CONVERSION = YES;
				CLANG_WARN_INFINITE_RECURSION = YES;
				CLANG_WARN_INT_CONVERSION = YES;
				CLANG_WARN_NON_LITERAL_NULL_CONVERSION = YES;
				CLANG_WARN_OBJC_IMPLICIT_RETAIN_SELF = YES;
				CLANG_WARN_OBJC_LITERAL_CONVERSION = YES;
				CLANG_WARN_OBJC_ROOT_CLASS = YES_ERROR;
				CLANG_WARN_QUOTED_INCLUDE_IN_FRAMEWORK_HEADER = YES;
				CLANG_WARN_RANGE_LOOP_ANALYSIS = YES;
				CLANG_WARN_STRICT_PROTOTYPES = YES;
				CLANG_WARN_SUSPICIOUS_MOVE = YES;
				CLANG_WARN_UNGUARDED_AVAILABILITY = YES_AGGRESSIVE;
				CLANG_WARN_UNREACHABLE_CODE = YES;
				CLANG_WARN__DUPLICATE_METHOD_MATCH = YES;
				COPY_PHASE_STRIP = NO;
				DEBUG_INFORMATION_FORMAT = "dwarf-with-dsym";
				ENABLE_NS_ASSERTIONS = NO;
				ENABLE_STRICT_OBJC_MSGSEND = YES;
				GCC_C_LANGUAGE_STANDARD = gnu11;
				GCC_NO_COMMON_BLOCKS = YES;
				GCC_WARN_64_TO_32_BIT_CONVERSION = YES;
				GCC_WARN_ABOUT_RETURN_TYPE = YES_ERROR;
				GCC_WARN_UNDECLARED_SELECTOR = YES;
				GCC_WARN_UNINITIALIZED_AUTOS = YES_AGGRESSIVE;
				GCC_WARN_UNUSED_FUNCTION = YES;
				GCC_WARN_UNUSED_VARIABLE = YES;
				IPHONEOS_DEPLOYMENT_TARGET = 15.2;
				MTL_ENABLE_DEBUG_INFO = NO;
				MTL_FAST_MATH = YES;
				SDKROOT = iphoneos;
				SWIFT_COMPILATION_MODE = wholemodule;
				SWIFT_OPTIMIZATION_LEVEL = "-O";
				VALIDATE_PRODUCT = YES;
			};
			name = Release;
		};
		3EAF684128E2F8E3000BFD72 /* Debug */ = {
			isa = XCBuildConfiguration;
			buildSettings = {
				ASSETCATALOG_COMPILER_APPICON_NAME = AppIcon;
				ASSETCATALOG_COMPILER_GLOBAL_ACCENT_COLOR_NAME = AccentColor;
				CODE_SIGN_STYLE = Automatic;
				CURRENT_PROJECT_VERSION = 1;
				DEVELOPMENT_TEAM = R24W57U338;
				GENERATE_INFOPLIST_FILE = YES;
				INFOPLIST_FILE = "fictadvisor-iOS/Info.plist";
				INFOPLIST_KEY_UIApplicationSupportsIndirectInputEvents = YES;
				INFOPLIST_KEY_UILaunchStoryboardName = LaunchScreen;
				INFOPLIST_KEY_UISupportedInterfaceOrientations_iPad = "UIInterfaceOrientationPortrait UIInterfaceOrientationPortraitUpsideDown UIInterfaceOrientationLandscapeLeft UIInterfaceOrientationLandscapeRight";
				INFOPLIST_KEY_UISupportedInterfaceOrientations_iPhone = "UIInterfaceOrientationPortrait UIInterfaceOrientationLandscapeLeft UIInterfaceOrientationLandscapeRight";
				IPHONEOS_DEPLOYMENT_TARGET = 15.0;
				LD_RUNPATH_SEARCH_PATHS = (
					"$(inherited)",
					"@executable_path/Frameworks",
				);
				MARKETING_VERSION = 1.0;
				PRODUCT_BUNDLE_IDENTIFIER = "Jeytery.fictadvisor-iOS";
				PRODUCT_NAME = "$(TARGET_NAME)";
				SWIFT_EMIT_LOC_STRINGS = YES;
				SWIFT_VERSION = 5.0;
				TARGETED_DEVICE_FAMILY = "1,2";
			};
			name = Debug;
		};
		3EAF684228E2F8E3000BFD72 /* Release */ = {
			isa = XCBuildConfiguration;
			buildSettings = {
				ASSETCATALOG_COMPILER_APPICON_NAME = AppIcon;
				ASSETCATALOG_COMPILER_GLOBAL_ACCENT_COLOR_NAME = AccentColor;
				CODE_SIGN_STYLE = Automatic;
				CURRENT_PROJECT_VERSION = 1;
				DEVELOPMENT_TEAM = R24W57U338;
				GENERATE_INFOPLIST_FILE = YES;
				INFOPLIST_FILE = "fictadvisor-iOS/Info.plist";
				INFOPLIST_KEY_UIApplicationSupportsIndirectInputEvents = YES;
				INFOPLIST_KEY_UILaunchStoryboardName = LaunchScreen;
				INFOPLIST_KEY_UISupportedInterfaceOrientations_iPad = "UIInterfaceOrientationPortrait UIInterfaceOrientationPortraitUpsideDown UIInterfaceOrientationLandscapeLeft UIInterfaceOrientationLandscapeRight";
				INFOPLIST_KEY_UISupportedInterfaceOrientations_iPhone = "UIInterfaceOrientationPortrait UIInterfaceOrientationLandscapeLeft UIInterfaceOrientationLandscapeRight";
				IPHONEOS_DEPLOYMENT_TARGET = 15.0;
				LD_RUNPATH_SEARCH_PATHS = (
					"$(inherited)",
					"@executable_path/Frameworks",
				);
				MARKETING_VERSION = 1.0;
				PRODUCT_BUNDLE_IDENTIFIER = "Jeytery.fictadvisor-iOS";
				PRODUCT_NAME = "$(TARGET_NAME)";
				SWIFT_EMIT_LOC_STRINGS = YES;
				SWIFT_VERSION = 5.0;
				TARGETED_DEVICE_FAMILY = "1,2";
			};
			name = Release;
		};
/* End XCBuildConfiguration section */

/* Begin XCConfigurationList section */
		3EAF682728E2F8E1000BFD72 /* Build configuration list for PBXProject "fictadvisor-iOS" */ = {
			isa = XCConfigurationList;
			buildConfigurations = (
				3EAF683E28E2F8E3000BFD72 /* Debug */,
				3EAF683F28E2F8E3000BFD72 /* Release */,
			);
			defaultConfigurationIsVisible = 0;
			defaultConfigurationName = Release;
		};
		3EAF684028E2F8E3000BFD72 /* Build configuration list for PBXNativeTarget "fictadvisor-iOS" */ = {
			isa = XCConfigurationList;
			buildConfigurations = (
				3EAF684128E2F8E3000BFD72 /* Debug */,
				3EAF684228E2F8E3000BFD72 /* Release */,
			);
			defaultConfigurationIsVisible = 0;
			defaultConfigurationName = Release;
		};
/* End XCConfigurationList section */

/* Begin XCRemoteSwiftPackageReference section */
		3EAF685528E3057A000BFD72 /* XCRemoteSwiftPackageReference "SnapKit" */ = {
			isa = XCRemoteSwiftPackageReference;
			repositoryURL = "https://github.com/SnapKit/SnapKit";
			requirement = {
				branch = develop;
				kind = branch;
			};
		};
		3EAF685828E30589000BFD72 /* XCRemoteSwiftPackageReference "Alamofire" */ = {
			isa = XCRemoteSwiftPackageReference;
			repositoryURL = "https://github.com/Alamofire/Alamofire";
			requirement = {
				kind = upToNextMajorVersion;
				minimumVersion = 5.0.0;
			};
		};
/* End XCRemoteSwiftPackageReference section */

/* Begin XCSwiftPackageProductDependency section */
		3EAF685628E3057A000BFD72 /* SnapKit */ = {
			isa = XCSwiftPackageProductDependency;
			package = 3EAF685528E3057A000BFD72 /* XCRemoteSwiftPackageReference "SnapKit" */;
			productName = SnapKit;
		};
		3EAF685928E30589000BFD72 /* Alamofire */ = {
			isa = XCSwiftPackageProductDependency;
			package = 3EAF685828E30589000BFD72 /* XCRemoteSwiftPackageReference "Alamofire" */;
			productName = Alamofire;
		};
/* End XCSwiftPackageProductDependency section */
	};
	rootObject = 3EAF682428E2F8E1000BFD72 /* Project object */;
}
